
Microsoft Visual Studio Solution File, Format Version 12.00
# Visual Studio 2013
VisualStudioVersion = 12.0.30723.0
MinimumVisualStudioVersion = 10.0.40219.1
Project("{FAE04EC0-301F-11D3-BF4B-00C04F79EFBC}") = "gittest", "gittest\gittest.csproj", "{9E1FAD20-0064-46B1-AD9D-60F0FEAEA40D}"
EndProject
Project("{FAE04EC0-301F-11D3-BF4B-00C04F79EFBC}") = "GitAutoSync", "GitAutoSync\GitAutoSync.csproj", "{5690EFC0-41E3-4519-9384-6973CD0620CC}"
EndProject
Project("{FAE04EC0-301F-11D3-BF4B-00C04F79EFBC}") = "GitProxyServer", "GitProxyServer\GitProxyServer.csproj", "{28F5A975-634A-479B-8446-455C90DA646C}"
EndProject
Global
	GlobalSection(SolutionConfigurationPlatforms) = preSolution
		Debug|Any CPU = Debug|Any CPU
		Release|Any CPU = Release|Any CPU
	EndGlobalSection
	GlobalSection(ProjectConfigurationPlatforms) = postSolution
		{9E1FAD20-0064-46B1-AD9D-60F0FEAEA40D}.Debug|Any CPU.ActiveCfg = Debug|Any CPU
		{9E1FAD20-0064-46B1-AD9D-60F0FEAEA40D}.Debug|Any CPU.Build.0 = Debug|Any CPU
		{9E1FAD20-0064-46B1-AD9D-60F0FEAEA40D}.Release|Any CPU.ActiveCfg = Release|Any CPU
		{9E1FAD20-0064-46B1-AD9D-60F0FEAEA40D}.Release|Any CPU.Build.0 = Release|Any CPU
		{5690EFC0-41E3-4519-9384-6973CD0620CC}.Debug|Any CPU.ActiveCfg = Debug|Any CPU
		{5690EFC0-41E3-4519-9384-6973CD0620CC}.Debug|Any CPU.Build.0 = Debug|Any CPU
		{5690EFC0-41E3-4519-9384-6973CD0620CC}.Release|Any CPU.ActiveCfg = Release|Any CPU
		{5690EFC0-41E3-4519-9384-6973CD0620CC}.Release|Any CPU.Build.0 = Release|Any CPU
		{28F5A975-634A-479B-8446-455C90DA646C}.Debug|Any CPU.ActiveCfg = Debug|Any CPU
		{28F5A975-634A-479B-8446-455C90DA646C}.Debug|Any CPU.Build.0 = Debug|Any CPU
		{28F5A975-634A-479B-8446-455C90DA646C}.Release|Any CPU.ActiveCfg = Release|Any CPU
		{28F5A975-634A-479B-8446-455C90DA646C}.Release|Any CPU.Build.0 = Release|Any CPU
	EndGlobalSection
	GlobalSection(SolutionProperties) = preSolution
		HideSolutionNode = FALSE
	EndGlobalSection
EndGlobal
